// !$*UTF8*$!
{
	archiveVersion = 1;
	classes = {
	};
	objectVersion = 56;
	objects = {

/* Begin PBXBuildFile section */
		A208E90B29854325001F5D0F /* AlertModel.swift in Sources */ = {isa = PBXBuildFile; fileRef = A208E90A29854325001F5D0F /* AlertModel.swift */; };
		A208E90D2985434A001F5D0F /* AlertPresenter.swift in Sources */ = {isa = PBXBuildFile; fileRef = A208E90C2985434A001F5D0F /* AlertPresenter.swift */; };
		A208E911298E5C25001F5D0F /* ImagesListService.swift in Sources */ = {isa = PBXBuildFile; fileRef = A208E910298E5C25001F5D0F /* ImagesListService.swift */; };
		A208E919298E6D43001F5D0F /* ImagesListServiceTests.swift in Sources */ = {isa = PBXBuildFile; fileRef = A208E918298E6D43001F5D0F /* ImagesListServiceTests.swift */; };
		A21351572976CD8E00FBE5C2 /* UIBlockingProgressHUD.swift in Sources */ = {isa = PBXBuildFile; fileRef = A21351562976CD8E00FBE5C2 /* UIBlockingProgressHUD.swift */; };
		A21351592976E23000FBE5C2 /* ProfileService.swift in Sources */ = {isa = PBXBuildFile; fileRef = A21351582976E23000FBE5C2 /* ProfileService.swift */; };
		A213515B297ED0BC00FBE5C2 /* ProfileImageService.swift in Sources */ = {isa = PBXBuildFile; fileRef = A213515A297ED0BC00FBE5C2 /* ProfileImageService.swift */; };
		A213515D297FD18800FBE5C2 /* ObjectTask.swift in Sources */ = {isa = PBXBuildFile; fileRef = A213515C297FD18800FBE5C2 /* ObjectTask.swift */; };
		A2135160297FEF8400FBE5C2 /* Kingfisher in Frameworks */ = {isa = PBXBuildFile; productRef = A213515F297FEF8400FBE5C2 /* Kingfisher */; };
		A2135163297FF1AD00FBE5C2 /* SwiftKeychainWrapper in Frameworks */ = {isa = PBXBuildFile; productRef = A2135162297FF1AD00FBE5C2 /* SwiftKeychainWrapper */; };
		A21351652982ADB100FBE5C2 /* TabBarController.swift in Sources */ = {isa = PBXBuildFile; fileRef = A21351642982ADB100FBE5C2 /* TabBarController.swift */; };
		A221EF6F2944DD10008DCEF2 /* SingleImageViewController.swift in Sources */ = {isa = PBXBuildFile; fileRef = A221EF6E2944DD0F008DCEF2 /* SingleImageViewController.swift */; };
		A225E43D292B89380057513B /* AppDelegate.swift in Sources */ = {isa = PBXBuildFile; fileRef = A225E43C292B89380057513B /* AppDelegate.swift */; };
		A225E43F292B89380057513B /* SceneDelegate.swift in Sources */ = {isa = PBXBuildFile; fileRef = A225E43E292B89380057513B /* SceneDelegate.swift */; };
		A225E441292B89380057513B /* ImagesListViewController.swift in Sources */ = {isa = PBXBuildFile; fileRef = A225E440292B89380057513B /* ImagesListViewController.swift */; };
		A225E444292B89380057513B /* Main.storyboard in Resources */ = {isa = PBXBuildFile; fileRef = A225E442292B89380057513B /* Main.storyboard */; };
		A225E446292B893A0057513B /* Assets.xcassets in Resources */ = {isa = PBXBuildFile; fileRef = A225E445292B893A0057513B /* Assets.xcassets */; };
		A225E449292B893A0057513B /* LaunchScreen.storyboard in Resources */ = {isa = PBXBuildFile; fileRef = A225E447292B893A0057513B /* LaunchScreen.storyboard */; };
		A291CD3129915A6F00C466B1 /* GradientService.swift in Sources */ = {isa = PBXBuildFile; fileRef = A291CD3029915A6F00C466B1 /* GradientService.swift */; };
		A291CD332993D41500C466B1 /* DateFormatterService.swift in Sources */ = {isa = PBXBuildFile; fileRef = A291CD322993D41500C466B1 /* DateFormatterService.swift */; };
		A291CD352993DFB000C466B1 /* StringConstantsRU.swift in Sources */ = {isa = PBXBuildFile; fileRef = A291CD342993DFB000C466B1 /* StringConstantsRU.swift */; };
		A291CD392993E47F00C466B1 /* YS Display-Bold.ttf in Resources */ = {isa = PBXBuildFile; fileRef = A291CD372993E47F00C466B1 /* YS Display-Bold.ttf */; };
		A291CD3A2993E47F00C466B1 /* YS Display-Medium.ttf in Resources */ = {isa = PBXBuildFile; fileRef = A291CD382993E47F00C466B1 /* YS Display-Medium.ttf */; };
		A291CD3C29977AA600C466B1 /* WebViewPresenter.swift in Sources */ = {isa = PBXBuildFile; fileRef = A291CD3B29977AA600C466B1 /* WebViewPresenter.swift */; };
		A291CD3F29979B2300C466B1 /* AuthHelper.swift in Sources */ = {isa = PBXBuildFile; fileRef = A291CD3E29979B2300C466B1 /* AuthHelper.swift */; };
		A291CD4129979FD800C466B1 /* WebViewTests.swift in Sources */ = {isa = PBXBuildFile; fileRef = A291CD4029979FD800C466B1 /* WebViewTests.swift */; };
		A291CD492997A72500C466B1 /* ImageFeedUITests.swift in Sources */ = {isa = PBXBuildFile; fileRef = A291CD482997A72500C466B1 /* ImageFeedUITests.swift */; };
		A291CD4B2997A72500C466B1 /* ImageFeedUITestsLaunchTests.swift in Sources */ = {isa = PBXBuildFile; fileRef = A291CD4A2997A72500C466B1 /* ImageFeedUITestsLaunchTests.swift */; };
		A2AC49C42944A53900476980 /* ProfileViewController.swift in Sources */ = {isa = PBXBuildFile; fileRef = A2AC49C32944A53900476980 /* ProfileViewController.swift */; };
		A2BD2F8C2936389F00B1C745 /* ImagesListCell.swift in Sources */ = {isa = PBXBuildFile; fileRef = A2BD2F8B2936389F00B1C745 /* ImagesListCell.swift */; };
		A2D3DAFB2958882E0034AF21 /* AuthConfiguration.swift in Sources */ = {isa = PBXBuildFile; fileRef = A2D3DAFA2958882E0034AF21 /* AuthConfiguration.swift */; };
		A2D3DAFE2958BDAA0034AF21 /* WebViewViewController.swift in Sources */ = {isa = PBXBuildFile; fileRef = A2D3DAFD2958BDAA0034AF21 /* WebViewViewController.swift */; };
		A2D3DB002958BEEF0034AF21 /* AuthViewController.swift in Sources */ = {isa = PBXBuildFile; fileRef = A2D3DAFF2958BEEF0034AF21 /* AuthViewController.swift */; };
		A2D3DB022959D1DF0034AF21 /* OAuth2Service.swift in Sources */ = {isa = PBXBuildFile; fileRef = A2D3DB012959D1DF0034AF21 /* OAuth2Service.swift */; };
		A2D3DB042959D4E50034AF21 /* OAuth2TokenStorage.swift in Sources */ = {isa = PBXBuildFile; fileRef = A2D3DB032959D4E40034AF21 /* OAuth2TokenStorage.swift */; };
		A2D3DB072959D7430034AF21 /* OAuthTokenResponseBody.swift in Sources */ = {isa = PBXBuildFile; fileRef = A2D3DB062959D7430034AF21 /* OAuthTokenResponseBody.swift */; };
		A2D3DB09295B27F70034AF21 /* SplashViewController.swift in Sources */ = {isa = PBXBuildFile; fileRef = A2D3DB08295B27F70034AF21 /* SplashViewController.swift */; };
		A2D3DB0D2964847B0034AF21 /* ProgressHUD in Frameworks */ = {isa = PBXBuildFile; productRef = A2D3DB0C2964847B0034AF21 /* ProgressHUD */; };
/* End PBXBuildFile section */

/* Begin PBXContainerItemProxy section */
		A208E91A298E6D43001F5D0F /* PBXContainerItemProxy */ = {
			isa = PBXContainerItemProxy;
			containerPortal = A225E431292B89380057513B /* Project object */;
			proxyType = 1;
			remoteGlobalIDString = A225E438292B89380057513B;
			remoteInfo = ImageFeed;
		};
		A291CD4C2997A72500C466B1 /* PBXContainerItemProxy */ = {
			isa = PBXContainerItemProxy;
			containerPortal = A225E431292B89380057513B /* Project object */;
			proxyType = 1;
			remoteGlobalIDString = A225E438292B89380057513B;
			remoteInfo = ImageFeed;
		};
/* End PBXContainerItemProxy section */

/* Begin PBXFileReference section */
		A208E90A29854325001F5D0F /* AlertModel.swift */ = {isa = PBXFileReference; lastKnownFileType = sourcecode.swift; path = AlertModel.swift; sourceTree = "<group>"; };
		A208E90C2985434A001F5D0F /* AlertPresenter.swift */ = {isa = PBXFileReference; lastKnownFileType = sourcecode.swift; path = AlertPresenter.swift; sourceTree = "<group>"; };
		A208E910298E5C25001F5D0F /* ImagesListService.swift */ = {isa = PBXFileReference; lastKnownFileType = sourcecode.swift; path = ImagesListService.swift; sourceTree = "<group>"; };
		A208E916298E6D43001F5D0F /* ImageFeedTests.xctest */ = {isa = PBXFileReference; explicitFileType = wrapper.cfbundle; includeInIndex = 0; path = ImageFeedTests.xctest; sourceTree = BUILT_PRODUCTS_DIR; };
		A208E918298E6D43001F5D0F /* ImagesListServiceTests.swift */ = {isa = PBXFileReference; lastKnownFileType = sourcecode.swift; path = ImagesListServiceTests.swift; sourceTree = "<group>"; };
		A21351562976CD8E00FBE5C2 /* UIBlockingProgressHUD.swift */ = {isa = PBXFileReference; lastKnownFileType = sourcecode.swift; path = UIBlockingProgressHUD.swift; sourceTree = "<group>"; };
		A21351582976E23000FBE5C2 /* ProfileService.swift */ = {isa = PBXFileReference; lastKnownFileType = sourcecode.swift; path = ProfileService.swift; sourceTree = "<group>"; };
		A213515A297ED0BC00FBE5C2 /* ProfileImageService.swift */ = {isa = PBXFileReference; lastKnownFileType = sourcecode.swift; path = ProfileImageService.swift; sourceTree = "<group>"; };
		A213515C297FD18800FBE5C2 /* ObjectTask.swift */ = {isa = PBXFileReference; lastKnownFileType = sourcecode.swift; path = ObjectTask.swift; sourceTree = "<group>"; };
		A21351642982ADB100FBE5C2 /* TabBarController.swift */ = {isa = PBXFileReference; lastKnownFileType = sourcecode.swift; path = TabBarController.swift; sourceTree = "<group>"; };
		A221EF6E2944DD0F008DCEF2 /* SingleImageViewController.swift */ = {isa = PBXFileReference; lastKnownFileType = sourcecode.swift; path = SingleImageViewController.swift; sourceTree = "<group>"; };
		A225E439292B89380057513B /* ImageFeed.app */ = {isa = PBXFileReference; explicitFileType = wrapper.application; includeInIndex = 0; path = ImageFeed.app; sourceTree = BUILT_PRODUCTS_DIR; };
		A225E43C292B89380057513B /* AppDelegate.swift */ = {isa = PBXFileReference; lastKnownFileType = sourcecode.swift; path = AppDelegate.swift; sourceTree = "<group>"; };
		A225E43E292B89380057513B /* SceneDelegate.swift */ = {isa = PBXFileReference; lastKnownFileType = sourcecode.swift; path = SceneDelegate.swift; sourceTree = "<group>"; };
		A225E440292B89380057513B /* ImagesListViewController.swift */ = {isa = PBXFileReference; lastKnownFileType = sourcecode.swift; path = ImagesListViewController.swift; sourceTree = "<group>"; };
		A225E443292B89380057513B /* Base */ = {isa = PBXFileReference; lastKnownFileType = file.storyboard; name = Base; path = Base.lproj/Main.storyboard; sourceTree = "<group>"; };
		A225E445292B893A0057513B /* Assets.xcassets */ = {isa = PBXFileReference; lastKnownFileType = folder.assetcatalog; path = Assets.xcassets; sourceTree = "<group>"; };
		A225E448292B893A0057513B /* Base */ = {isa = PBXFileReference; lastKnownFileType = file.storyboard; name = Base; path = Base.lproj/LaunchScreen.storyboard; sourceTree = "<group>"; };
		A225E44A292B893A0057513B /* Info.plist */ = {isa = PBXFileReference; lastKnownFileType = text.plist.xml; path = Info.plist; sourceTree = "<group>"; };
		A291CD3029915A6F00C466B1 /* GradientService.swift */ = {isa = PBXFileReference; lastKnownFileType = sourcecode.swift; path = GradientService.swift; sourceTree = "<group>"; };
		A291CD322993D41500C466B1 /* DateFormatterService.swift */ = {isa = PBXFileReference; lastKnownFileType = sourcecode.swift; path = DateFormatterService.swift; sourceTree = "<group>"; };
		A291CD342993DFB000C466B1 /* StringConstantsRU.swift */ = {isa = PBXFileReference; lastKnownFileType = sourcecode.swift; path = StringConstantsRU.swift; sourceTree = "<group>"; };
		A291CD372993E47F00C466B1 /* YS Display-Bold.ttf */ = {isa = PBXFileReference; lastKnownFileType = file; path = "YS Display-Bold.ttf"; sourceTree = "<group>"; };
		A291CD382993E47F00C466B1 /* YS Display-Medium.ttf */ = {isa = PBXFileReference; lastKnownFileType = file; path = "YS Display-Medium.ttf"; sourceTree = "<group>"; };
		A291CD3B29977AA600C466B1 /* WebViewPresenter.swift */ = {isa = PBXFileReference; lastKnownFileType = sourcecode.swift; path = WebViewPresenter.swift; sourceTree = "<group>"; };
		A291CD3E29979B2300C466B1 /* AuthHelper.swift */ = {isa = PBXFileReference; lastKnownFileType = sourcecode.swift; path = AuthHelper.swift; sourceTree = "<group>"; };
		A291CD4029979FD800C466B1 /* WebViewTests.swift */ = {isa = PBXFileReference; lastKnownFileType = sourcecode.swift; path = WebViewTests.swift; sourceTree = "<group>"; };
		A291CD462997A72400C466B1 /* ImageFeedUITests.xctest */ = {isa = PBXFileReference; explicitFileType = wrapper.cfbundle; includeInIndex = 0; path = ImageFeedUITests.xctest; sourceTree = BUILT_PRODUCTS_DIR; };
		A291CD482997A72500C466B1 /* ImageFeedUITests.swift */ = {isa = PBXFileReference; lastKnownFileType = sourcecode.swift; path = ImageFeedUITests.swift; sourceTree = "<group>"; };
		A291CD4A2997A72500C466B1 /* ImageFeedUITestsLaunchTests.swift */ = {isa = PBXFileReference; lastKnownFileType = sourcecode.swift; path = ImageFeedUITestsLaunchTests.swift; sourceTree = "<group>"; };
		A2AC49C32944A53900476980 /* ProfileViewController.swift */ = {isa = PBXFileReference; lastKnownFileType = sourcecode.swift; path = ProfileViewController.swift; sourceTree = "<group>"; };
		A2BD2F8B2936389F00B1C745 /* ImagesListCell.swift */ = {isa = PBXFileReference; lastKnownFileType = sourcecode.swift; path = ImagesListCell.swift; sourceTree = "<group>"; };
		A2D3DAFA2958882E0034AF21 /* AuthConfiguration.swift */ = {isa = PBXFileReference; lastKnownFileType = sourcecode.swift; path = AuthConfiguration.swift; sourceTree = "<group>"; };
		A2D3DAFD2958BDAA0034AF21 /* WebViewViewController.swift */ = {isa = PBXFileReference; lastKnownFileType = sourcecode.swift; path = WebViewViewController.swift; sourceTree = "<group>"; };
		A2D3DAFF2958BEEF0034AF21 /* AuthViewController.swift */ = {isa = PBXFileReference; lastKnownFileType = sourcecode.swift; path = AuthViewController.swift; sourceTree = "<group>"; };
		A2D3DB012959D1DF0034AF21 /* OAuth2Service.swift */ = {isa = PBXFileReference; lastKnownFileType = sourcecode.swift; path = OAuth2Service.swift; sourceTree = "<group>"; };
		A2D3DB032959D4E40034AF21 /* OAuth2TokenStorage.swift */ = {isa = PBXFileReference; lastKnownFileType = sourcecode.swift; path = OAuth2TokenStorage.swift; sourceTree = "<group>"; };
		A2D3DB062959D7430034AF21 /* OAuthTokenResponseBody.swift */ = {isa = PBXFileReference; lastKnownFileType = sourcecode.swift; path = OAuthTokenResponseBody.swift; sourceTree = "<group>"; };
		A2D3DB08295B27F70034AF21 /* SplashViewController.swift */ = {isa = PBXFileReference; lastKnownFileType = sourcecode.swift; path = SplashViewController.swift; sourceTree = "<group>"; };
/* End PBXFileReference section */

/* Begin PBXFrameworksBuildPhase section */
		A208E913298E6D43001F5D0F /* Frameworks */ = {
			isa = PBXFrameworksBuildPhase;
			buildActionMask = 2147483647;
			files = (
			);
			runOnlyForDeploymentPostprocessing = 0;
		};
		A225E436292B89380057513B /* Frameworks */ = {
			isa = PBXFrameworksBuildPhase;
			buildActionMask = 2147483647;
			files = (
				A2135160297FEF8400FBE5C2 /* Kingfisher in Frameworks */,
				A2D3DB0D2964847B0034AF21 /* ProgressHUD in Frameworks */,
				A2135163297FF1AD00FBE5C2 /* SwiftKeychainWrapper in Frameworks */,
			);
			runOnlyForDeploymentPostprocessing = 0;
		};
		A291CD432997A72400C466B1 /* Frameworks */ = {
			isa = PBXFrameworksBuildPhase;
			buildActionMask = 2147483647;
			files = (
			);
			runOnlyForDeploymentPostprocessing = 0;
		};
/* End PBXFrameworksBuildPhase section */

/* Begin PBXGroup section */
		A208E917298E6D43001F5D0F /* ImageFeedTests */ = {
			isa = PBXGroup;
			children = (
				A208E918298E6D43001F5D0F /* ImagesListServiceTests.swift */,
				A291CD4029979FD800C466B1 /* WebViewTests.swift */,
			);
			path = ImageFeedTests;
			sourceTree = "<group>";
		};
		A225E430292B89380057513B = {
			isa = PBXGroup;
			children = (
				A225E43B292B89380057513B /* ImageFeed */,
				A208E917298E6D43001F5D0F /* ImageFeedTests */,
				A291CD472997A72500C466B1 /* ImageFeedUITests */,
				A225E43A292B89380057513B /* Products */,
			);
			sourceTree = "<group>";
		};
		A225E43A292B89380057513B /* Products */ = {
			isa = PBXGroup;
			children = (
				A225E439292B89380057513B /* ImageFeed.app */,
				A208E916298E6D43001F5D0F /* ImageFeedTests.xctest */,
				A291CD462997A72400C466B1 /* ImageFeedUITests.xctest */,
			);
			name = Products;
			sourceTree = "<group>";
		};
		A225E43B292B89380057513B /* ImageFeed */ = {
			isa = PBXGroup;
			children = (
				A225E43C292B89380057513B /* AppDelegate.swift */,
				A225E43E292B89380057513B /* SceneDelegate.swift */,
				A2D3DAFA2958882E0034AF21 /* AuthConfiguration.swift */,
				A21351562976CD8E00FBE5C2 /* UIBlockingProgressHUD.swift */,
				A213515C297FD18800FBE5C2 /* ObjectTask.swift */,
				A291CD322993D41500C466B1 /* DateFormatterService.swift */,
				A208E90C2985434A001F5D0F /* AlertPresenter.swift */,
				A291CD342993DFB000C466B1 /* StringConstantsRU.swift */,
				A21351582976E23000FBE5C2 /* ProfileService.swift */,
				A291CD3029915A6F00C466B1 /* GradientService.swift */,
				A213515A297ED0BC00FBE5C2 /* ProfileImageService.swift */,
				A2D3DB08295B27F70034AF21 /* SplashViewController.swift */,
				A2AC49C32944A53900476980 /* ProfileViewController.swift */,
				A221EF6E2944DD0F008DCEF2 /* SingleImageViewController.swift */,
				A21351642982ADB100FBE5C2 /* TabBarController.swift */,
				A2BD2F8A2936387800B1C745 /* ImagesList */,
				A2D3DAFC2958BD930034AF21 /* Auth */,
				A2D3DB0A295B28F10034AF21 /* OAuth2 */,
				A2D3DB052959D7370034AF21 /* Models */,
				A225E442292B89380057513B /* Main.storyboard */,
				A225E445292B893A0057513B /* Assets.xcassets */,
				A291CD362993E3FB00C466B1 /* Resources */,
				A225E447292B893A0057513B /* LaunchScreen.storyboard */,
				A225E44A292B893A0057513B /* Info.plist */,
			);
			path = ImageFeed;
			sourceTree = "<group>";
		};
		A291CD362993E3FB00C466B1 /* Resources */ = {
			isa = PBXGroup;
			children = (
				A291CD372993E47F00C466B1 /* YS Display-Bold.ttf */,
				A291CD382993E47F00C466B1 /* YS Display-Medium.ttf */,
			);
			path = Resources;
			sourceTree = "<group>";
		};
		A291CD472997A72500C466B1 /* ImageFeedUITests */ = {
			isa = PBXGroup;
			children = (
				A291CD482997A72500C466B1 /* ImageFeedUITests.swift */,
				A291CD4A2997A72500C466B1 /* ImageFeedUITestsLaunchTests.swift */,
			);
			path = ImageFeedUITests;
			sourceTree = "<group>";
		};
		A2BD2F8A2936387800B1C745 /* ImagesList */ = {
			isa = PBXGroup;
			children = (
				A225E440292B89380057513B /* ImagesListViewController.swift */,
				A2BD2F8B2936389F00B1C745 /* ImagesListCell.swift */,
				A208E910298E5C25001F5D0F /* ImagesListService.swift */,
			);
			path = ImagesList;
			sourceTree = "<group>";
		};
		A2D3DAFC2958BD930034AF21 /* Auth */ = {
			isa = PBXGroup;
			children = (
				A291CD3E29979B2300C466B1 /* AuthHelper.swift */,
				A2D3DAFF2958BEEF0034AF21 /* AuthViewController.swift */,
				A291CD3B29977AA600C466B1 /* WebViewPresenter.swift */,
				A2D3DAFD2958BDAA0034AF21 /* WebViewViewController.swift */,
			);
			path = Auth;
			sourceTree = "<group>";
		};
		A2D3DB052959D7370034AF21 /* Models */ = {
			isa = PBXGroup;
			children = (
				A208E90A29854325001F5D0F /* AlertModel.swift */,
				A2D3DB062959D7430034AF21 /* OAuthTokenResponseBody.swift */,
			);
			path = Models;
			sourceTree = "<group>";
		};
		A2D3DB0A295B28F10034AF21 /* OAuth2 */ = {
			isa = PBXGroup;
			children = (
				A2D3DB012959D1DF0034AF21 /* OAuth2Service.swift */,
				A2D3DB032959D4E40034AF21 /* OAuth2TokenStorage.swift */,
			);
			path = OAuth2;
			sourceTree = "<group>";
		};
/* End PBXGroup section */

/* Begin PBXNativeTarget section */
		A208E915298E6D43001F5D0F /* ImageFeedTests */ = {
			isa = PBXNativeTarget;
			buildConfigurationList = A208E91C298E6D43001F5D0F /* Build configuration list for PBXNativeTarget "ImageFeedTests" */;
			buildPhases = (
				A208E912298E6D43001F5D0F /* Sources */,
				A208E913298E6D43001F5D0F /* Frameworks */,
				A208E914298E6D43001F5D0F /* Resources */,
			);
			buildRules = (
			);
			dependencies = (
				A208E91B298E6D43001F5D0F /* PBXTargetDependency */,
			);
			name = ImageFeedTests;
			productName = ImageFeedTests;
			productReference = A208E916298E6D43001F5D0F /* ImageFeedTests.xctest */;
			productType = "com.apple.product-type.bundle.unit-test";
		};
		A225E438292B89380057513B /* ImageFeed */ = {
			isa = PBXNativeTarget;
			buildConfigurationList = A225E44D292B893A0057513B /* Build configuration list for PBXNativeTarget "ImageFeed" */;
			buildPhases = (
				A225E435292B89380057513B /* Sources */,
				A225E436292B89380057513B /* Frameworks */,
				A225E437292B89380057513B /* Resources */,
			);
			buildRules = (
			);
			dependencies = (
			);
			name = ImageFeed;
			packageProductDependencies = (
				A2D3DB0C2964847B0034AF21 /* ProgressHUD */,
				A213515F297FEF8400FBE5C2 /* Kingfisher */,
				A2135162297FF1AD00FBE5C2 /* SwiftKeychainWrapper */,
			);
			productName = ImageFeed;
			productReference = A225E439292B89380057513B /* ImageFeed.app */;
			productType = "com.apple.product-type.application";
		};
		A291CD452997A72400C466B1 /* ImageFeedUITests */ = {
			isa = PBXNativeTarget;
			buildConfigurationList = A291CD4E2997A72500C466B1 /* Build configuration list for PBXNativeTarget "ImageFeedUITests" */;
			buildPhases = (
				A291CD422997A72400C466B1 /* Sources */,
				A291CD432997A72400C466B1 /* Frameworks */,
				A291CD442997A72400C466B1 /* Resources */,
			);
			buildRules = (
			);
			dependencies = (
				A291CD4D2997A72500C466B1 /* PBXTargetDependency */,
			);
			name = ImageFeedUITests;
			productName = ImageFeedUITests;
			productReference = A291CD462997A72400C466B1 /* ImageFeedUITests.xctest */;
			productType = "com.apple.product-type.bundle.ui-testing";
		};
/* End PBXNativeTarget section */

/* Begin PBXProject section */
		A225E431292B89380057513B /* Project object */ = {
			isa = PBXProject;
			attributes = {
				BuildIndependentTargetsInParallel = 1;
				LastSwiftUpdateCheck = 1400;
				LastUpgradeCheck = 1400;
				TargetAttributes = {
					A208E915298E6D43001F5D0F = {
						CreatedOnToolsVersion = 14.0.1;
						TestTargetID = A225E438292B89380057513B;
					};
					A225E438292B89380057513B = {
						CreatedOnToolsVersion = 14.0.1;
					};
					A291CD452997A72400C466B1 = {
						CreatedOnToolsVersion = 14.0.1;
						TestTargetID = A225E438292B89380057513B;
					};
				};
			};
			buildConfigurationList = A225E434292B89380057513B /* Build configuration list for PBXProject "ImageFeed" */;
			compatibilityVersion = "Xcode 14.0";
			developmentRegion = en;
			hasScannedForEncodings = 0;
			knownRegions = (
				en,
				Base,
			);
			mainGroup = A225E430292B89380057513B;
			packageReferences = (
				A2D3DB0B2964847B0034AF21 /* XCRemoteSwiftPackageReference "ProgressHUD" */,
				A213515E297FEF8400FBE5C2 /* XCRemoteSwiftPackageReference "Kingfisher" */,
				A2135161297FF1AD00FBE5C2 /* XCRemoteSwiftPackageReference "SwiftKeychainWrapper" */,
			);
			productRefGroup = A225E43A292B89380057513B /* Products */;
			projectDirPath = "";
			projectRoot = "";
			targets = (
				A225E438292B89380057513B /* ImageFeed */,
				A208E915298E6D43001F5D0F /* ImageFeedTests */,
				A291CD452997A72400C466B1 /* ImageFeedUITests */,
			);
		};
/* End PBXProject section */

/* Begin PBXResourcesBuildPhase section */
		A208E914298E6D43001F5D0F /* Resources */ = {
			isa = PBXResourcesBuildPhase;
			buildActionMask = 2147483647;
			files = (
			);
			runOnlyForDeploymentPostprocessing = 0;
		};
		A225E437292B89380057513B /* Resources */ = {
			isa = PBXResourcesBuildPhase;
			buildActionMask = 2147483647;
			files = (
				A225E449292B893A0057513B /* LaunchScreen.storyboard in Resources */,
				A225E446292B893A0057513B /* Assets.xcassets in Resources */,
				A225E444292B89380057513B /* Main.storyboard in Resources */,
				A291CD392993E47F00C466B1 /* YS Display-Bold.ttf in Resources */,
				A291CD3A2993E47F00C466B1 /* YS Display-Medium.ttf in Resources */,
			);
			runOnlyForDeploymentPostprocessing = 0;
		};
		A291CD442997A72400C466B1 /* Resources */ = {
			isa = PBXResourcesBuildPhase;
			buildActionMask = 2147483647;
			files = (
			);
			runOnlyForDeploymentPostprocessing = 0;
		};
/* End PBXResourcesBuildPhase section */

/* Begin PBXSourcesBuildPhase section */
		A208E912298E6D43001F5D0F /* Sources */ = {
			isa = PBXSourcesBuildPhase;
			buildActionMask = 2147483647;
			files = (
				A208E919298E6D43001F5D0F /* ImagesListServiceTests.swift in Sources */,
				A291CD4129979FD800C466B1 /* WebViewTests.swift in Sources */,
			);
			runOnlyForDeploymentPostprocessing = 0;
		};
		A225E435292B89380057513B /* Sources */ = {
			isa = PBXSourcesBuildPhase;
			buildActionMask = 2147483647;
			files = (
				A225E441292B89380057513B /* ImagesListViewController.swift in Sources */,
				A2BD2F8C2936389F00B1C745 /* ImagesListCell.swift in Sources */,
				A208E911298E5C25001F5D0F /* ImagesListService.swift in Sources */,
				A2D3DB072959D7430034AF21 /* OAuthTokenResponseBody.swift in Sources */,
				A21351652982ADB100FBE5C2 /* TabBarController.swift in Sources */,
				A2AC49C42944A53900476980 /* ProfileViewController.swift in Sources */,
				A225E43D292B89380057513B /* AppDelegate.swift in Sources */,
				A291CD332993D41500C466B1 /* DateFormatterService.swift in Sources */,
				A2D3DB042959D4E50034AF21 /* OAuth2TokenStorage.swift in Sources */,
				A2D3DB09295B27F70034AF21 /* SplashViewController.swift in Sources */,
				A213515D297FD18800FBE5C2 /* ObjectTask.swift in Sources */,
				A291CD3F29979B2300C466B1 /* AuthHelper.swift in Sources */,
				A2D3DAFB2958882E0034AF21 /* AuthConfiguration.swift in Sources */,
				A221EF6F2944DD10008DCEF2 /* SingleImageViewController.swift in Sources */,
				A208E90B29854325001F5D0F /* AlertModel.swift in Sources */,
				A213515B297ED0BC00FBE5C2 /* ProfileImageService.swift in Sources */,
				A2D3DAFE2958BDAA0034AF21 /* WebViewViewController.swift in Sources */,
				A2D3DB002958BEEF0034AF21 /* AuthViewController.swift in Sources */,
				A208E90D2985434A001F5D0F /* AlertPresenter.swift in Sources */,
				A291CD3129915A6F00C466B1 /* GradientService.swift in Sources */,
				A2D3DB022959D1DF0034AF21 /* OAuth2Service.swift in Sources */,
				A291CD3C29977AA600C466B1 /* WebViewPresenter.swift in Sources */,
				A225E43F292B89380057513B /* SceneDelegate.swift in Sources */,
				A291CD352993DFB000C466B1 /* StringConstantsRU.swift in Sources */,
				A21351572976CD8E00FBE5C2 /* UIBlockingProgressHUD.swift in Sources */,
				A21351592976E23000FBE5C2 /* ProfileService.swift in Sources */,
			);
			runOnlyForDeploymentPostprocessing = 0;
		};
		A291CD422997A72400C466B1 /* Sources */ = {
			isa = PBXSourcesBuildPhase;
			buildActionMask = 2147483647;
			files = (
				A291CD4B2997A72500C466B1 /* ImageFeedUITestsLaunchTests.swift in Sources */,
				A291CD492997A72500C466B1 /* ImageFeedUITests.swift in Sources */,
			);
			runOnlyForDeploymentPostprocessing = 0;
		};
/* End PBXSourcesBuildPhase section */

/* Begin PBXTargetDependency section */
		A208E91B298E6D43001F5D0F /* PBXTargetDependency */ = {
			isa = PBXTargetDependency;
			target = A225E438292B89380057513B /* ImageFeed */;
			targetProxy = A208E91A298E6D43001F5D0F /* PBXContainerItemProxy */;
		};
		A291CD4D2997A72500C466B1 /* PBXTargetDependency */ = {
			isa = PBXTargetDependency;
			target = A225E438292B89380057513B /* ImageFeed */;
			targetProxy = A291CD4C2997A72500C466B1 /* PBXContainerItemProxy */;
		};
/* End PBXTargetDependency section */

/* Begin PBXVariantGroup section */
		A225E442292B89380057513B /* Main.storyboard */ = {
			isa = PBXVariantGroup;
			children = (
				A225E443292B89380057513B /* Base */,
			);
			name = Main.storyboard;
			sourceTree = "<group>";
		};
		A225E447292B893A0057513B /* LaunchScreen.storyboard */ = {
			isa = PBXVariantGroup;
			children = (
				A225E448292B893A0057513B /* Base */,
			);
			name = LaunchScreen.storyboard;
			sourceTree = "<group>";
		};
/* End PBXVariantGroup section */

/* Begin XCBuildConfiguration section */
		A208E91D298E6D43001F5D0F /* Debug */ = {
			isa = XCBuildConfiguration;
			buildSettings = {
				BUNDLE_LOADER = "$(TEST_HOST)";
				CODE_SIGN_STYLE = Automatic;
				CURRENT_PROJECT_VERSION = 1;
				DEVELOPMENT_TEAM = 5UR7CVCYGK;
				GENERATE_INFOPLIST_FILE = YES;
				MARKETING_VERSION = 1.0;
				PRODUCT_BUNDLE_IDENTIFIER = com.artemkohan.ImageFeedTests;
				PRODUCT_NAME = "$(TARGET_NAME)";
				SWIFT_EMIT_LOC_STRINGS = NO;
				SWIFT_VERSION = 5.0;
				TARGETED_DEVICE_FAMILY = "1,2";
				TEST_HOST = "$(BUILT_PRODUCTS_DIR)/ImageFeed.app/$(BUNDLE_EXECUTABLE_FOLDER_PATH)/ImageFeed";
			};
			name = Debug;
		};
		A208E91E298E6D43001F5D0F /* Release */ = {
			isa = XCBuildConfiguration;
			buildSettings = {
				BUNDLE_LOADER = "$(TEST_HOST)";
				CODE_SIGN_STYLE = Automatic;
				CURRENT_PROJECT_VERSION = 1;
				DEVELOPMENT_TEAM = 5UR7CVCYGK;
				GENERATE_INFOPLIST_FILE = YES;
				MARKETING_VERSION = 1.0;
				PRODUCT_BUNDLE_IDENTIFIER = com.artemkohan.ImageFeedTests;
				PRODUCT_NAME = "$(TARGET_NAME)";
				SWIFT_EMIT_LOC_STRINGS = NO;
				SWIFT_VERSION = 5.0;
				TARGETED_DEVICE_FAMILY = "1,2";
				TEST_HOST = "$(BUILT_PRODUCTS_DIR)/ImageFeed.app/$(BUNDLE_EXECUTABLE_FOLDER_PATH)/ImageFeed";
			};
			name = Release;
		};
		A225E44B292B893A0057513B /* Debug */ = {
			isa = XCBuildConfiguration;
			buildSettings = {
				ALWAYS_SEARCH_USER_PATHS = NO;
				CLANG_ANALYZER_NONNULL = YES;
				CLANG_ANALYZER_NUMBER_OBJECT_CONVERSION = YES_AGGRESSIVE;
				CLANG_CXX_LANGUAGE_STANDARD = "gnu++20";
				CLANG_ENABLE_MODULES = YES;
				CLANG_ENABLE_OBJC_ARC = YES;
				CLANG_ENABLE_OBJC_WEAK = YES;
				CLANG_WARN_BLOCK_CAPTURE_AUTORELEASING = YES;
				CLANG_WARN_BOOL_CONVERSION = YES;
				CLANG_WARN_COMMA = YES;
				CLANG_WARN_CONSTANT_CONVERSION = YES;
				CLANG_WARN_DEPRECATED_OBJC_IMPLEMENTATIONS = YES;
				CLANG_WARN_DIRECT_OBJC_ISA_USAGE = YES_ERROR;
				CLANG_WARN_DOCUMENTATION_COMMENTS = YES;
				CLANG_WARN_EMPTY_BODY = YES;
				CLANG_WARN_ENUM_CONVERSION = YES;
				CLANG_WARN_INFINITE_RECURSION = YES;
				CLANG_WARN_INT_CONVERSION = YES;
				CLANG_WARN_NON_LITERAL_NULL_CONVERSION = YES;
				CLANG_WARN_OBJC_IMPLICIT_RETAIN_SELF = YES;
				CLANG_WARN_OBJC_LITERAL_CONVERSION = YES;
				CLANG_WARN_OBJC_ROOT_CLASS = YES_ERROR;
				CLANG_WARN_QUOTED_INCLUDE_IN_FRAMEWORK_HEADER = YES;
				CLANG_WARN_RANGE_LOOP_ANALYSIS = YES;
				CLANG_WARN_STRICT_PROTOTYPES = YES;
				CLANG_WARN_SUSPICIOUS_MOVE = YES;
				CLANG_WARN_UNGUARDED_AVAILABILITY = YES_AGGRESSIVE;
				CLANG_WARN_UNREACHABLE_CODE = YES;
				CLANG_WARN__DUPLICATE_METHOD_MATCH = YES;
				COPY_PHASE_STRIP = NO;
				DEBUG_INFORMATION_FORMAT = dwarf;
				ENABLE_STRICT_OBJC_MSGSEND = YES;
				ENABLE_TESTABILITY = YES;
				GCC_C_LANGUAGE_STANDARD = gnu11;
				GCC_DYNAMIC_NO_PIC = NO;
				GCC_NO_COMMON_BLOCKS = YES;
				GCC_OPTIMIZATION_LEVEL = 0;
				GCC_PREPROCESSOR_DEFINITIONS = (
					"DEBUG=1",
					"$(inherited)",
				);
				GCC_WARN_64_TO_32_BIT_CONVERSION = YES;
				GCC_WARN_ABOUT_RETURN_TYPE = YES_ERROR;
				GCC_WARN_UNDECLARED_SELECTOR = YES;
				GCC_WARN_UNINITIALIZED_AUTOS = YES_AGGRESSIVE;
				GCC_WARN_UNUSED_FUNCTION = YES;
				GCC_WARN_UNUSED_VARIABLE = YES;
				IPHONEOS_DEPLOYMENT_TARGET = 16.0;
				MTL_ENABLE_DEBUG_INFO = INCLUDE_SOURCE;
				MTL_FAST_MATH = YES;
				ONLY_ACTIVE_ARCH = YES;
				SDKROOT = iphoneos;
				SWIFT_ACTIVE_COMPILATION_CONDITIONS = DEBUG;
				SWIFT_OPTIMIZATION_LEVEL = "-Onone";
			};
			name = Debug;
		};
		A225E44C292B893A0057513B /* Release */ = {
			isa = XCBuildConfiguration;
			buildSettings = {
				ALWAYS_SEARCH_USER_PATHS = NO;
				CLANG_ANALYZER_NONNULL = YES;
				CLANG_ANALYZER_NUMBER_OBJECT_CONVERSION = YES_AGGRESSIVE;
				CLANG_CXX_LANGUAGE_STANDARD = "gnu++20";
				CLANG_ENABLE_MODULES = YES;
				CLANG_ENABLE_OBJC_ARC = YES;
				CLANG_ENABLE_OBJC_WEAK = YES;
				CLANG_WARN_BLOCK_CAPTURE_AUTORELEASING = YES;
				CLANG_WARN_BOOL_CONVERSION = YES;
				CLANG_WARN_COMMA = YES;
				CLANG_WARN_CONSTANT_CONVERSION = YES;
				CLANG_WARN_DEPRECATED_OBJC_IMPLEMENTATIONS = YES;
				CLANG_WARN_DIRECT_OBJC_ISA_USAGE = YES_ERROR;
				CLANG_WARN_DOCUMENTATION_COMMENTS = YES;
				CLANG_WARN_EMPTY_BODY = YES;
				CLANG_WARN_ENUM_CONVERSION = YES;
				CLANG_WARN_INFINITE_RECURSION = YES;
				CLANG_WARN_INT_CONVERSION = YES;
				CLANG_WARN_NON_LITERAL_NULL_CONVERSION = YES;
				CLANG_WARN_OBJC_IMPLICIT_RETAIN_SELF = YES;
				CLANG_WARN_OBJC_LITERAL_CONVERSION = YES;
				CLANG_WARN_OBJC_ROOT_CLASS = YES_ERROR;
				CLANG_WARN_QUOTED_INCLUDE_IN_FRAMEWORK_HEADER = YES;
				CLANG_WARN_RANGE_LOOP_ANALYSIS = YES;
				CLANG_WARN_STRICT_PROTOTYPES = YES;
				CLANG_WARN_SUSPICIOUS_MOVE = YES;
				CLANG_WARN_UNGUARDED_AVAILABILITY = YES_AGGRESSIVE;
				CLANG_WARN_UNREACHABLE_CODE = YES;
				CLANG_WARN__DUPLICATE_METHOD_MATCH = YES;
				COPY_PHASE_STRIP = NO;
				DEBUG_INFORMATION_FORMAT = "dwarf-with-dsym";
				ENABLE_NS_ASSERTIONS = NO;
				ENABLE_STRICT_OBJC_MSGSEND = YES;
				GCC_C_LANGUAGE_STANDARD = gnu11;
				GCC_NO_COMMON_BLOCKS = YES;
				GCC_WARN_64_TO_32_BIT_CONVERSION = YES;
				GCC_WARN_ABOUT_RETURN_TYPE = YES_ERROR;
				GCC_WARN_UNDECLARED_SELECTOR = YES;
				GCC_WARN_UNINITIALIZED_AUTOS = YES_AGGRESSIVE;
				GCC_WARN_UNUSED_FUNCTION = YES;
				GCC_WARN_UNUSED_VARIABLE = YES;
				IPHONEOS_DEPLOYMENT_TARGET = 16.0;
				MTL_ENABLE_DEBUG_INFO = NO;
				MTL_FAST_MATH = YES;
				SDKROOT = iphoneos;
				SWIFT_COMPILATION_MODE = wholemodule;
				SWIFT_OPTIMIZATION_LEVEL = "-O";
				VALIDATE_PRODUCT = YES;
			};
			name = Release;
		};
		A225E44E292B893A0057513B /* Debug */ = {
			isa = XCBuildConfiguration;
			buildSettings = {
				ASSETCATALOG_COMPILER_APPICON_NAME = AppIcon;
				ASSETCATALOG_COMPILER_GLOBAL_ACCENT_COLOR_NAME = AccentColor;
				CODE_SIGN_STYLE = Automatic;
				CURRENT_PROJECT_VERSION = 1;
				DEVELOPMENT_TEAM = 5UR7CVCYGK;
				GENERATE_INFOPLIST_FILE = YES;
				INFOPLIST_FILE = ImageFeed/Info.plist;
				INFOPLIST_KEY_UIApplicationSupportsIndirectInputEvents = YES;
				INFOPLIST_KEY_UILaunchStoryboardName = LaunchScreen;
				INFOPLIST_KEY_UIMainStoryboardFile = Main;
				INFOPLIST_KEY_UISupportedInterfaceOrientations = UIInterfaceOrientationPortrait;
				INFOPLIST_KEY_UISupportedInterfaceOrientations_iPad = "UIInterfaceOrientationLandscapeLeft UIInterfaceOrientationLandscapeRight UIInterfaceOrientationPortrait UIInterfaceOrientationPortraitUpsideDown";
				IPHONEOS_DEPLOYMENT_TARGET = 13.0;
				LD_RUNPATH_SEARCH_PATHS = (
					"$(inherited)",
					"@executable_path/Frameworks",
				);
				MARKETING_VERSION = 1.0;
				PRODUCT_BUNDLE_IDENTIFIER = com.artemkohan.ImageFeed;
				PRODUCT_NAME = "$(TARGET_NAME)";
				SUPPORTED_PLATFORMS = "iphoneos iphonesimulator";
				SUPPORTS_MACCATALYST = NO;
				SUPPORTS_MAC_DESIGNED_FOR_IPHONE_IPAD = NO;
				SWIFT_EMIT_LOC_STRINGS = YES;
				SWIFT_VERSION = 5.0;
				TARGETED_DEVICE_FAMILY = 1;
			};
			name = Debug;
		};
		A225E44F292B893A0057513B /* Release */ = {
			isa = XCBuildConfiguration;
			buildSettings = {
				ASSETCATALOG_COMPILER_APPICON_NAME = AppIcon;
				ASSETCATALOG_COMPILER_GLOBAL_ACCENT_COLOR_NAME = AccentColor;
				CODE_SIGN_STYLE = Automatic;
				CURRENT_PROJECT_VERSION = 1;
				DEVELOPMENT_TEAM = 5UR7CVCYGK;
				GENERATE_INFOPLIST_FILE = YES;
				INFOPLIST_FILE = ImageFeed/Info.plist;
				INFOPLIST_KEY_UIApplicationSupportsIndirectInputEvents = YES;
				INFOPLIST_KEY_UILaunchStoryboardName = LaunchScreen;
				INFOPLIST_KEY_UIMainStoryboardFile = Main;
				INFOPLIST_KEY_UISupportedInterfaceOrientations = UIInterfaceOrientationPortrait;
				INFOPLIST_KEY_UISupportedInterfaceOrientations_iPad = "UIInterfaceOrientationLandscapeLeft UIInterfaceOrientationLandscapeRight UIInterfaceOrientationPortrait UIInterfaceOrientationPortraitUpsideDown";
				IPHONEOS_DEPLOYMENT_TARGET = 13.0;
				LD_RUNPATH_SEARCH_PATHS = (
					"$(inherited)",
					"@executable_path/Frameworks",
				);
				MARKETING_VERSION = 1.0;
				PRODUCT_BUNDLE_IDENTIFIER = com.artemkohan.ImageFeed;
				PRODUCT_NAME = "$(TARGET_NAME)";
				SUPPORTED_PLATFORMS = "iphoneos iphonesimulator";
				SUPPORTS_MACCATALYST = NO;
				SUPPORTS_MAC_DESIGNED_FOR_IPHONE_IPAD = NO;
				SWIFT_EMIT_LOC_STRINGS = YES;
				SWIFT_VERSION = 5.0;
				TARGETED_DEVICE_FAMILY = 1;
			};
			name = Release;
		};
		A291CD4F2997A72500C466B1 /* Debug */ = {
			isa = XCBuildConfiguration;
			buildSettings = {
				CODE_SIGN_STYLE = Automatic;
				CURRENT_PROJECT_VERSION = 1;
				DEVELOPMENT_TEAM = 5UR7CVCYGK;
				GENERATE_INFOPLIST_FILE = YES;
				MARKETING_VERSION = 1.0;
				PRODUCT_BUNDLE_IDENTIFIER = com.artemkohan.ImageFeedUITests;
				PRODUCT_NAME = "$(TARGET_NAME)";
				SWIFT_EMIT_LOC_STRINGS = NO;
				SWIFT_VERSION = 5.0;
				TARGETED_DEVICE_FAMILY = "1,2";
				TEST_TARGET_NAME = ImageFeed;
			};
			name = Debug;
		};
		A291CD502997A72500C466B1 /* Release */ = {
			isa = XCBuildConfiguration;
			buildSettings = {
				CODE_SIGN_STYLE = Automatic;
				CURRENT_PROJECT_VERSION = 1;
				DEVELOPMENT_TEAM = 5UR7CVCYGK;
				GENERATE_INFOPLIST_FILE = YES;
				MARKETING_VERSION = 1.0;
				PRODUCT_BUNDLE_IDENTIFIER = com.artemkohan.ImageFeedUITests;
				PRODUCT_NAME = "$(TARGET_NAME)";
				SWIFT_EMIT_LOC_STRINGS = NO;
				SWIFT_VERSION = 5.0;
				TARGETED_DEVICE_FAMILY = "1,2";
				TEST_TARGET_NAME = ImageFeed;
			};
			name = Release;
		};
/* End XCBuildConfiguration section */

/* Begin XCConfigurationList section */
		A208E91C298E6D43001F5D0F /* Build configuration list for PBXNativeTarget "ImageFeedTests" */ = {
			isa = XCConfigurationList;
			buildConfigurations = (
				A208E91D298E6D43001F5D0F /* Debug */,
				A208E91E298E6D43001F5D0F /* Release */,
			);
			defaultConfigurationIsVisible = 0;
			defaultConfigurationName = Release;
		};
		A225E434292B89380057513B /* Build configuration list for PBXProject "ImageFeed" */ = {
			isa = XCConfigurationList;
			buildConfigurations = (
				A225E44B292B893A0057513B /* Debug */,
				A225E44C292B893A0057513B /* Release */,
			);
			defaultConfigurationIsVisible = 0;
			defaultConfigurationName = Release;
		};
		A225E44D292B893A0057513B /* Build configuration list for PBXNativeTarget "ImageFeed" */ = {
			isa = XCConfigurationList;
			buildConfigurations = (
				A225E44E292B893A0057513B /* Debug */,
				A225E44F292B893A0057513B /* Release */,
			);
			defaultConfigurationIsVisible = 0;
			defaultConfigurationName = Release;
		};
		A291CD4E2997A72500C466B1 /* Build configuration list for PBXNativeTarget "ImageFeedUITests" */ = {
			isa = XCConfigurationList;
			buildConfigurations = (
				A291CD4F2997A72500C466B1 /* Debug */,
				A291CD502997A72500C466B1 /* Release */,
			);
			defaultConfigurationIsVisible = 0;
			defaultConfigurationName = Release;
		};
/* End XCConfigurationList section */

/* Begin XCRemoteSwiftPackageReference section */
		A213515E297FEF8400FBE5C2 /* XCRemoteSwiftPackageReference "Kingfisher" */ = {
			isa = XCRemoteSwiftPackageReference;
			repositoryURL = "https://github.com/onevcat/Kingfisher";
			requirement = {
				kind = upToNextMajorVersion;
				minimumVersion = 7.0.0;
			};
		};
		A2135161297FF1AD00FBE5C2 /* XCRemoteSwiftPackageReference "SwiftKeychainWrapper" */ = {
			isa = XCRemoteSwiftPackageReference;
			repositoryURL = "https://github.com/jrendel/SwiftKeychainWrapper";
			requirement = {
				kind = upToNextMajorVersion;
				minimumVersion = 4.0.0;
			};
		};
		A2D3DB0B2964847B0034AF21 /* XCRemoteSwiftPackageReference "ProgressHUD" */ = {
			isa = XCRemoteSwiftPackageReference;
			repositoryURL = "https://github.com/relatedcode/ProgressHUD";
			requirement = {
				kind = exactVersion;
				version = 13.6.1;
			};
		};
/* End XCRemoteSwiftPackageReference section */

/* Begin XCSwiftPackageProductDependency section */
		A213515F297FEF8400FBE5C2 /* Kingfisher */ = {
			isa = XCSwiftPackageProductDependency;
			package = A213515E297FEF8400FBE5C2 /* XCRemoteSwiftPackageReference "Kingfisher" */;
			productName = Kingfisher;
		};
		A2135162297FF1AD00FBE5C2 /* SwiftKeychainWrapper */ = {
			isa = XCSwiftPackageProductDependency;
			package = A2135161297FF1AD00FBE5C2 /* XCRemoteSwiftPackageReference "SwiftKeychainWrapper" */;
			productName = SwiftKeychainWrapper;
		};
		A2D3DB0C2964847B0034AF21 /* ProgressHUD */ = {
			isa = XCSwiftPackageProductDependency;
			package = A2D3DB0B2964847B0034AF21 /* XCRemoteSwiftPackageReference "ProgressHUD" */;
			productName = ProgressHUD;
		};
/* End XCSwiftPackageProductDependency section */
	};
	rootObject = A225E431292B89380057513B /* Project object */;
}
